
Microsoft Visual Studio Solution File, Format Version 12.00
# Visual Studio 15
VisualStudioVersion = 15.0.27428.2037
MinimumVisualStudioVersion = 10.0.40219.1
Project("{8BC9CEB8-8B4A-11D0-8D11-00A0C91BC942}") = "VisualTrackingProject3", "VisualTrackingProject3\VisualTrackingProject3.vcxproj", "{785419A4-7B76-415B-AE9F-3017107484E2}"
EndProject
Global
	GlobalSection(SolutionConfigurationPlatforms) = preSolution
		Debug|x64 = Debug|x64
		Debug|x86 = Debug|x86
		Release|x64 = Release|x64
		Release|x86 = Release|x86
	EndGlobalSection
	GlobalSection(ProjectConfigurationPlatforms) = postSolution
		{785419A4-7B76-415B-AE9F-3017107484E2}.Debug|x64.ActiveCfg = Debug|x64
		{785419A4-7B76-415B-AE9F-3017107484E2}.Debug|x64.Build.0 = Debug|x64
		{785419A4-7B76-415B-AE9F-3017107484E2}.Debug|x86.ActiveCfg = Debug|Win32
		{785419A4-7B76-415B-AE9F-3017107484E2}.Debug|x86.Build.0 = Debug|Win32
		{785419A4-7B76-415B-AE9F-3017107484E2}.Release|x64.ActiveCfg = Release|x64
		{785419A4-7B76-415B-AE9F-3017107484E2}.Release|x64.Build.0 = Release|x64
		{785419A4-7B76-415B-AE9F-3017107484E2}.Release|x86.ActiveCfg = Release|Win32
		{785419A4-7B76-415B-AE9F-3017107484E2}.Release|x86.Build.0 = Release|Win32
	EndGlobalSection
	GlobalSection(SolutionProperties) = preSolution
		HideSolutionNode = FALSE
	EndGlobalSection
	GlobalSection(ExtensibilityGlobals) = postSolution
		SolutionGuid = {3CE7C87A-2B79-4597-9B16-4FB13ED90C13}
	EndGlobalSection
EndGlobal
